
Microsoft Visual Studio Solution File, Format Version 12.00
# Visual Studio Version 16
VisualStudioVersion = 16.0.29609.76
MinimumVisualStudioVersion = 10.0.40219.1
Project("{FAE04EC0-301F-11D3-BF4B-00C04F79EFBC}") = "02_ObjectOrientedProgrammingExample", "02_ObjectOrientedProgrammingExample.csproj", "{7015F01E-C8F8-41AF-B5F8-830FFFD60583}"
EndProject
Global
	GlobalSection(SolutionConfigurationPlatforms) = preSolution
		Debug|Any CPU = Debug|Any CPU
		Release|Any CPU = Release|Any CPU
	EndGlobalSection
	GlobalSection(ProjectConfigurationPlatforms) = postSolution
		{7015F01E-C8F8-41AF-B5F8-830FFFD60583}.Debug|Any CPU.ActiveCfg = Debug|Any CPU
		{7015F01E-C8F8-41AF-B5F8-830FFFD60583}.Debug|Any CPU.Build.0 = Debug|Any CPU
		{7015F01E-C8F8-41AF-B5F8-830FFFD60583}.Release|Any CPU.ActiveCfg = Release|Any CPU
		{7015F01E-C8F8-41AF-B5F8-830FFFD60583}.Release|Any CPU.Build.0 = Release|Any CPU
	EndGlobalSection
	GlobalSection(SolutionProperties) = preSolution
		HideSolutionNode = FALSE
	EndGlobalSection
	GlobalSection(ExtensibilityGlobals) = postSolution
		SolutionGuid = {89B26608-B400-4541-AC33-FB2F623B2A6D}
	EndGlobalSection
EndGlobal
